
Microsoft Visual Studio Solution File, Format Version 12.00
# Visual Studio Version 16
VisualStudioVersion = 16.0.810.6
MinimumVisualStudioVersion = 10.0.40219.1
Project("{FAE04EC0-301F-11D3-BF4B-00C04F79EFBC}") = "Editor_de_texto", "Editor_de_texto.csproj", "{3B567D5B-8B67-4A12-9D7C-E4D424694C4F}"
EndProject
Global
	GlobalSection(SolutionConfigurationPlatforms) = preSolution
		Debug|Any CPU = Debug|Any CPU
		Release|Any CPU = Release|Any CPU
	EndGlobalSection
	GlobalSection(ProjectConfigurationPlatforms) = postSolution
		{3B567D5B-8B67-4A12-9D7C-E4D424694C4F}.Debug|Any CPU.ActiveCfg = Debug|Any CPU
		{3B567D5B-8B67-4A12-9D7C-E4D424694C4F}.Debug|Any CPU.Build.0 = Debug|Any CPU
		{3B567D5B-8B67-4A12-9D7C-E4D424694C4F}.Release|Any CPU.ActiveCfg = Release|Any CPU
		{3B567D5B-8B67-4A12-9D7C-E4D424694C4F}.Release|Any CPU.Build.0 = Release|Any CPU
	EndGlobalSection
	GlobalSection(SolutionProperties) = preSolution
		HideSolutionNode = FALSE
	EndGlobalSection
	GlobalSection(ExtensibilityGlobals) = postSolution
		SolutionGuid = {CA1A1AA4-D0A7-4522-AD02-27FC8C57C876}
	EndGlobalSection
EndGlobal
